
Microsoft Visual Studio Solution File, Format Version 12.00
# Visual Studio 15
VisualStudioVersion = 15.0.26430.13
MinimumVisualStudioVersion = 10.0.40219.1
Project("{FAE04EC0-301F-11D3-BF4B-00C04F79EFBC}") = "DroneLander.Android", "DroneLander\DroneLander.Android\DroneLander.Android.csproj", "{9BE19695-9BBA-45C7-BC44-4FA3494E91D9}"
EndProject
Project("{FAE04EC0-301F-11D3-BF4B-00C04F79EFBC}") = "DroneLander", "DroneLander\DroneLander\DroneLander.csproj", "{93B292C5-304D-41EA-8EAF-D5EE28490487}"
EndProject
Project("{FAE04EC0-301F-11D3-BF4B-00C04F79EFBC}") = "DroneLander.iOS", "DroneLander\DroneLander.iOS\DroneLander.iOS.csproj", "{18692E0B-6F7F-4D0A-97F6-3340C7C269AC}"
EndProject
Global
	GlobalSection(SolutionConfigurationPlatforms) = preSolution
		Ad-Hoc|Any CPU = Ad-Hoc|Any CPU
		Ad-Hoc|iPhone = Ad-Hoc|iPhone
		Ad-Hoc|iPhoneSimulator = Ad-Hoc|iPhoneSimulator
		AppStore|Any CPU = AppStore|Any CPU
		AppStore|iPhone = AppStore|iPhone
		AppStore|iPhoneSimulator = AppStore|iPhoneSimulator
		Debug|Any CPU = Debug|Any CPU
		Debug|iPhone = Debug|iPhone
		Debug|iPhoneSimulator = Debug|iPhoneSimulator
		Release|Any CPU = Release|Any CPU
		Release|iPhone = Release|iPhone
		Release|iPhoneSimulator = Release|iPhoneSimulator
	EndGlobalSection
	GlobalSection(ProjectConfigurationPlatforms) = postSolution
		{9BE19695-9BBA-45C7-BC44-4FA3494E91D9}.Ad-Hoc|Any CPU.ActiveCfg = Release|Any CPU
		{9BE19695-9BBA-45C7-BC44-4FA3494E91D9}.Ad-Hoc|Any CPU.Build.0 = Release|Any CPU
		{9BE19695-9BBA-45C7-BC44-4FA3494E91D9}.Ad-Hoc|Any CPU.Deploy.0 = Release|Any CPU
		{9BE19695-9BBA-45C7-BC44-4FA3494E91D9}.Ad-Hoc|iPhone.ActiveCfg = Release|Any CPU
		{9BE19695-9BBA-45C7-BC44-4FA3494E91D9}.Ad-Hoc|iPhone.Build.0 = Release|Any CPU
		{9BE19695-9BBA-45C7-BC44-4FA3494E91D9}.Ad-Hoc|iPhone.Deploy.0 = Release|Any CPU
		{9BE19695-9BBA-45C7-BC44-4FA3494E91D9}.Ad-Hoc|iPhoneSimulator.ActiveCfg = Release|Any CPU
		{9BE19695-9BBA-45C7-BC44-4FA3494E91D9}.Ad-Hoc|iPhoneSimulator.Build.0 = Release|Any CPU
		{9BE19695-9BBA-45C7-BC44-4FA3494E91D9}.Ad-Hoc|iPhoneSimulator.Deploy.0 = Release|Any CPU
		{9BE19695-9BBA-45C7-BC44-4FA3494E91D9}.AppStore|Any CPU.ActiveCfg = Release|Any CPU
		{9BE19695-9BBA-45C7-BC44-4FA3494E91D9}.AppStore|Any CPU.Build.0 = Release|Any CPU
		{9BE19695-9BBA-45C7-BC44-4FA3494E91D9}.AppStore|Any CPU.Deploy.0 = Release|Any CPU
		{9BE19695-9BBA-45C7-BC44-4FA3494E91D9}.AppStore|iPhone.ActiveCfg = Release|Any CPU
		{9BE19695-9BBA-45C7-BC44-4FA3494E91D9}.AppStore|iPhone.Build.0 = Release|Any CPU
		{9BE19695-9BBA-45C7-BC44-4FA3494E91D9}.AppStore|iPhone.Deploy.0 = Release|Any CPU
		{9BE19695-9BBA-45C7-BC44-4FA3494E91D9}.AppStore|iPhoneSimulator.ActiveCfg = Release|Any CPU
		{9BE19695-9BBA-45C7-BC44-4FA3494E91D9}.AppStore|iPhoneSimulator.Build.0 = Release|Any CPU
		{9BE19695-9BBA-45C7-BC44-4FA3494E91D9}.AppStore|iPhoneSimulator.Deploy.0 = Release|Any CPU
		{9BE19695-9BBA-45C7-BC44-4FA3494E91D9}.Debug|Any CPU.ActiveCfg = Debug|Any CPU
		{9BE19695-9BBA-45C7-BC44-4FA3494E91D9}.Debug|Any CPU.Build.0 = Debug|Any CPU
		{9BE19695-9BBA-45C7-BC44-4FA3494E91D9}.Debug|Any CPU.Deploy.0 = Debug|Any CPU
		{9BE19695-9BBA-45C7-BC44-4FA3494E91D9}.Debug|iPhone.ActiveCfg = Debug|Any CPU
		{9BE19695-9BBA-45C7-BC44-4FA3494E91D9}.Debug|iPhone.Build.0 = Debug|Any CPU
		{9BE19695-9BBA-45C7-BC44-4FA3494E91D9}.Debug|iPhone.Deploy.0 = Debug|Any CPU
		{9BE19695-9BBA-45C7-BC44-4FA3494E91D9}.Debug|iPhoneSimulator.ActiveCfg = Debug|Any CPU
		{9BE19695-9BBA-45C7-BC44-4FA3494E91D9}.Debug|iPhoneSimulator.Build.0 = Debug|Any CPU
		{9BE19695-9BBA-45C7-BC44-4FA3494E91D9}.Debug|iPhoneSimulator.Deploy.0 = Debug|Any CPU
		{9BE19695-9BBA-45C7-BC44-4FA3494E91D9}.Release|Any CPU.ActiveCfg = Release|Any CPU
		{9BE19695-9BBA-45C7-BC44-4FA3494E91D9}.Release|Any CPU.Build.0 = Release|Any CPU
		{9BE19695-9BBA-45C7-BC44-4FA3494E91D9}.Release|Any CPU.Deploy.0 = Release|Any CPU
		{9BE19695-9BBA-45C7-BC44-4FA3494E91D9}.Release|iPhone.ActiveCfg = Release|Any CPU
		{9BE19695-9BBA-45C7-BC44-4FA3494E91D9}.Release|iPhone.Build.0 = Release|Any CPU
		{9BE19695-9BBA-45C7-BC44-4FA3494E91D9}.Release|iPhone.Deploy.0 = Release|Any CPU
		{9BE19695-9BBA-45C7-BC44-4FA3494E91D9}.Release|iPhoneSimulator.ActiveCfg = Release|Any CPU
		{9BE19695-9BBA-45C7-BC44-4FA3494E91D9}.Release|iPhoneSimulator.Build.0 = Release|Any CPU
		{9BE19695-9BBA-45C7-BC44-4FA3494E91D9}.Release|iPhoneSimulator.Deploy.0 = Release|Any CPU
		{93B292C5-304D-41EA-8EAF-D5EE28490487}.Ad-Hoc|Any CPU.ActiveCfg = Release|Any CPU
		{93B292C5-304D-41EA-8EAF-D5EE28490487}.Ad-Hoc|Any CPU.Build.0 = Release|Any CPU
		{93B292C5-304D-41EA-8EAF-D5EE28490487}.Ad-Hoc|iPhone.ActiveCfg = Release|Any CPU
		{93B292C5-304D-41EA-8EAF-D5EE28490487}.Ad-Hoc|iPhone.Build.0 = Release|Any CPU
		{93B292C5-304D-41EA-8EAF-D5EE28490487}.Ad-Hoc|iPhoneSimulator.ActiveCfg = Release|Any CPU
		{93B292C5-304D-41EA-8EAF-D5EE28490487}.Ad-Hoc|iPhoneSimulator.Build.0 = Release|Any CPU
		{93B292C5-304D-41EA-8EAF-D5EE28490487}.AppStore|Any CPU.ActiveCfg = Release|Any CPU
		{93B292C5-304D-41EA-8EAF-D5EE28490487}.AppStore|Any CPU.Build.0 = Release|Any CPU
		{93B292C5-304D-41EA-8EAF-D5EE28490487}.AppStore|iPhone.ActiveCfg = Release|Any CPU
		{93B292C5-304D-41EA-8EAF-D5EE28490487}.AppStore|iPhone.Build.0 = Release|Any CPU
		{93B292C5-304D-41EA-8EAF-D5EE28490487}.AppStore|iPhoneSimulator.ActiveCfg = Release|Any CPU
		{93B292C5-304D-41EA-8EAF-D5EE28490487}.AppStore|iPhoneSimulator.Build.0 = Release|Any CPU
		{93B292C5-304D-41EA-8EAF-D5EE28490487}.Debug|Any CPU.ActiveCfg = Debug|Any CPU
		{93B292C5-304D-41EA-8EAF-D5EE28490487}.Debug|Any CPU.Build.0 = Debug|Any CPU
		{93B292C5-304D-41EA-8EAF-D5EE28490487}.Debug|iPhone.ActiveCfg = Debug|Any CPU
		{93B292C5-304D-41EA-8EAF-D5EE28490487}.Debug|iPhone.Build.0 = Debug|Any CPU
		{93B292C5-304D-41EA-8EAF-D5EE28490487}.Debug|iPhoneSimulator.ActiveCfg = Debug|Any CPU
		{93B292C5-304D-41EA-8EAF-D5EE28490487}.Debug|iPhoneSimulator.Build.0 = Debug|Any CPU
		{93B292C5-304D-41EA-8EAF-D5EE28490487}.Release|Any CPU.ActiveCfg = Release|Any CPU
		{93B292C5-304D-41EA-8EAF-D5EE28490487}.Release|Any CPU.Build.0 = Release|Any CPU
		{93B292C5-304D-41EA-8EAF-D5EE28490487}.Release|iPhone.ActiveCfg = Release|Any CPU
		{93B292C5-304D-41EA-8EAF-D5EE28490487}.Release|iPhone.Build.0 = Release|Any CPU
		{93B292C5-304D-41EA-8EAF-D5EE28490487}.Release|iPhoneSimulator.ActiveCfg = Release|Any CPU
		{93B292C5-304D-41EA-8EAF-D5EE28490487}.Release|iPhoneSimulator.Build.0 = Release|Any CPU
		{18692E0B-6F7F-4D0A-97F6-3340C7C269AC}.Ad-Hoc|Any CPU.ActiveCfg = Ad-Hoc|iPhone
		{18692E0B-6F7F-4D0A-97F6-3340C7C269AC}.Ad-Hoc|iPhone.ActiveCfg = Ad-Hoc|iPhone
		{18692E0B-6F7F-4D0A-97F6-3340C7C269AC}.Ad-Hoc|iPhone.Build.0 = Ad-Hoc|iPhone
		{18692E0B-6F7F-4D0A-97F6-3340C7C269AC}.Ad-Hoc|iPhoneSimulator.ActiveCfg = Ad-Hoc|iPhoneSimulator
		{18692E0B-6F7F-4D0A-97F6-3340C7C269AC}.Ad-Hoc|iPhoneSimulator.Build.0 = Ad-Hoc|iPhoneSimulator
		{18692E0B-6F7F-4D0A-97F6-3340C7C269AC}.AppStore|Any CPU.ActiveCfg = AppStore|iPhone
		{18692E0B-6F7F-4D0A-97F6-3340C7C269AC}.AppStore|iPhone.ActiveCfg = AppStore|iPhone
		{18692E0B-6F7F-4D0A-97F6-3340C7C269AC}.AppStore|iPhone.Build.0 = AppStore|iPhone
		{18692E0B-6F7F-4D0A-97F6-3340C7C269AC}.AppStore|iPhoneSimulator.ActiveCfg = AppStore|iPhoneSimulator
		{18692E0B-6F7F-4D0A-97F6-3340C7C269AC}.AppStore|iPhoneSimulator.Build.0 = AppStore|iPhoneSimulator
		{18692E0B-6F7F-4D0A-97F6-3340C7C269AC}.Debug|Any CPU.ActiveCfg = Debug|iPhone
		{18692E0B-6F7F-4D0A-97F6-3340C7C269AC}.Debug|iPhone.ActiveCfg = Debug|iPhone
		{18692E0B-6F7F-4D0A-97F6-3340C7C269AC}.Debug|iPhone.Build.0 = Debug|iPhone
		{18692E0B-6F7F-4D0A-97F6-3340C7C269AC}.Debug|iPhoneSimulator.ActiveCfg = Debug|iPhoneSimulator
		{18692E0B-6F7F-4D0A-97F6-3340C7C269AC}.Debug|iPhoneSimulator.Build.0 = Debug|iPhoneSimulator
		{18692E0B-6F7F-4D0A-97F6-3340C7C269AC}.Release|Any CPU.ActiveCfg = Release|iPhone
		{18692E0B-6F7F-4D0A-97F6-3340C7C269AC}.Release|iPhone.ActiveCfg = Release|iPhone
		{18692E0B-6F7F-4D0A-97F6-3340C7C269AC}.Release|iPhone.Build.0 = Release|iPhone
		{18692E0B-6F7F-4D0A-97F6-3340C7C269AC}.Release|iPhoneSimulator.ActiveCfg = Release|iPhoneSimulator
		{18692E0B-6F7F-4D0A-97F6-3340C7C269AC}.Release|iPhoneSimulator.Build.0 = Release|iPhoneSimulator
	EndGlobalSection
	GlobalSection(SolutionProperties) = preSolution
		HideSolutionNode = FALSE
	EndGlobalSection
EndGlobal
